
Microsoft Visual Studio Solution File, Format Version 12.00
# Visual Studio Version 17
VisualStudioVersion = 17.10.34916.146
MinimumVisualStudioVersion = 10.0.40219.1
Project("{8BC9CEB8-8B4A-11D0-8D11-00A0C91BC942}") = "ITMO_CPPPractice", "ITMO_CPPPractice\ITMO_CPPPractice.vcxproj", "{02E11686-E465-4F95-8D30-92041DF6E22B}"
EndProject
Project("{8BC9CEB8-8B4A-11D0-8D11-00A0C91BC942}") = "ITMO_CPPPractice_2lab", "ITMO_CPPPractice_2lab\ITMO_CPPPractice_2lab.vcxproj", "{ABA330BD-1BFB-49F4-A01F-601C67A3B1A7}"
EndProject
Project("{8BC9CEB8-8B4A-11D0-8D11-00A0C91BC942}") = "ITMO_CPPPracitce_2lab_2", "ITMO_CPPPracitce_2lab_2\ITMO_CPPPracitce_2lab_2.vcxproj", "{2DD053C2-30B2-4E07-939D-28F46109E422}"
EndProject
Project("{8BC9CEB8-8B4A-11D0-8D11-00A0C91BC942}") = "ITMO_CPPPracice_2lab_3", "ITMO_CPPPracice_2lab_3\ITMO_CPPPracice_2lab_3.vcxproj", "{73FC92E0-06B5-4ED3-A29F-79BD96247826}"
EndProject
Project("{8BC9CEB8-8B4A-11D0-8D11-00A0C91BC942}") = "ITMO_SPPPractice_2lab_4", "ITMO_SPPPractice_2lab_4\ITMO_SPPPractice_2lab_4.vcxproj", "{9D37FC46-D1B0-44A6-B2BC-85E617F524A6}"
EndProject
Project("{8BC9CEB8-8B4A-11D0-8D11-00A0C91BC942}") = "ITMO_CPPPractice_lab3_task1", "ITMO_CPPPractice_lab3_task1\ITMO_CPPPractice_lab3_task1.vcxproj", "{CA1794CF-4DF5-4AFC-BB5C-F80E4417EFE8}"
EndProject
Project("{8BC9CEB8-8B4A-11D0-8D11-00A0C91BC942}") = "ITMO_CPPPractice_lab3_task2", "ITMO_CPPPractice_lab3_task2\ITMO_CPPPractice_lab3_task2.vcxproj", "{6066CEC9-99B5-40D3-9A5A-B536219BB651}"
EndProject
Project("{8BC9CEB8-8B4A-11D0-8D11-00A0C91BC942}") = "ITMO_SPPPractice_lab3_task3", "ITMO_SPPPractice_lab3_task3\ITMO_SPPPractice_lab3_task3.vcxproj", "{2A4F311A-0982-4652-AC3F-744A9727F75E}"
EndProject
Project("{8BC9CEB8-8B4A-11D0-8D11-00A0C91BC942}") = "ITMO_CPPPractice_lab3_task4", "ITMO_CPPPractice_lab3_task4\ITMO_CPPPractice_lab3_task4.vcxproj", "{2F153606-EFE3-4607-B571-87E2254EAD1C}"
EndProject
Project("{8BC9CEB8-8B4A-11D0-8D11-00A0C91BC942}") = "ITMO_CPPPractice_lab3_task5", "ITMO_CPPPractice_lab3_task5\ITMO_CPPPractice_lab3_task5.vcxproj", "{539568BF-B565-4D1A-8F33-F29E77B1AE0D}"
EndProject
Global
	GlobalSection(SolutionConfigurationPlatforms) = preSolution
		Debug|x64 = Debug|x64
		Debug|x86 = Debug|x86
		Release|x64 = Release|x64
		Release|x86 = Release|x86
	EndGlobalSection
	GlobalSection(ProjectConfigurationPlatforms) = postSolution
		{02E11686-E465-4F95-8D30-92041DF6E22B}.Debug|x64.ActiveCfg = Debug|x64
		{02E11686-E465-4F95-8D30-92041DF6E22B}.Debug|x64.Build.0 = Debug|x64
		{02E11686-E465-4F95-8D30-92041DF6E22B}.Debug|x86.ActiveCfg = Debug|Win32
		{02E11686-E465-4F95-8D30-92041DF6E22B}.Debug|x86.Build.0 = Debug|Win32
		{02E11686-E465-4F95-8D30-92041DF6E22B}.Release|x64.ActiveCfg = Release|x64
		{02E11686-E465-4F95-8D30-92041DF6E22B}.Release|x64.Build.0 = Release|x64
		{02E11686-E465-4F95-8D30-92041DF6E22B}.Release|x86.ActiveCfg = Release|Win32
		{02E11686-E465-4F95-8D30-92041DF6E22B}.Release|x86.Build.0 = Release|Win32
		{ABA330BD-1BFB-49F4-A01F-601C67A3B1A7}.Debug|x64.ActiveCfg = Debug|x64
		{ABA330BD-1BFB-49F4-A01F-601C67A3B1A7}.Debug|x64.Build.0 = Debug|x64
		{ABA330BD-1BFB-49F4-A01F-601C67A3B1A7}.Debug|x86.ActiveCfg = Debug|Win32
		{ABA330BD-1BFB-49F4-A01F-601C67A3B1A7}.Debug|x86.Build.0 = Debug|Win32
		{ABA330BD-1BFB-49F4-A01F-601C67A3B1A7}.Release|x64.ActiveCfg = Release|x64
		{ABA330BD-1BFB-49F4-A01F-601C67A3B1A7}.Release|x64.Build.0 = Release|x64
		{ABA330BD-1BFB-49F4-A01F-601C67A3B1A7}.Release|x86.ActiveCfg = Release|Win32
		{ABA330BD-1BFB-49F4-A01F-601C67A3B1A7}.Release|x86.Build.0 = Release|Win32
		{2DD053C2-30B2-4E07-939D-28F46109E422}.Debug|x64.ActiveCfg = Debug|x64
		{2DD053C2-30B2-4E07-939D-28F46109E422}.Debug|x64.Build.0 = Debug|x64
		{2DD053C2-30B2-4E07-939D-28F46109E422}.Debug|x86.ActiveCfg = Debug|Win32
		{2DD053C2-30B2-4E07-939D-28F46109E422}.Debug|x86.Build.0 = Debug|Win32
		{2DD053C2-30B2-4E07-939D-28F46109E422}.Release|x64.ActiveCfg = Release|x64
		{2DD053C2-30B2-4E07-939D-28F46109E422}.Release|x64.Build.0 = Release|x64
		{2DD053C2-30B2-4E07-939D-28F46109E422}.Release|x86.ActiveCfg = Release|Win32
		{2DD053C2-30B2-4E07-939D-28F46109E422}.Release|x86.Build.0 = Release|Win32
		{73FC92E0-06B5-4ED3-A29F-79BD96247826}.Debug|x64.ActiveCfg = Debug|x64
		{73FC92E0-06B5-4ED3-A29F-79BD96247826}.Debug|x64.Build.0 = Debug|x64
		{73FC92E0-06B5-4ED3-A29F-79BD96247826}.Debug|x86.ActiveCfg = Debug|Win32
		{73FC92E0-06B5-4ED3-A29F-79BD96247826}.Debug|x86.Build.0 = Debug|Win32
		{73FC92E0-06B5-4ED3-A29F-79BD96247826}.Release|x64.ActiveCfg = Release|x64
		{73FC92E0-06B5-4ED3-A29F-79BD96247826}.Release|x64.Build.0 = Release|x64
		{73FC92E0-06B5-4ED3-A29F-79BD96247826}.Release|x86.ActiveCfg = Release|Win32
		{73FC92E0-06B5-4ED3-A29F-79BD96247826}.Release|x86.Build.0 = Release|Win32
		{9D37FC46-D1B0-44A6-B2BC-85E617F524A6}.Debug|x64.ActiveCfg = Debug|x64
		{9D37FC46-D1B0-44A6-B2BC-85E617F524A6}.Debug|x64.Build.0 = Debug|x64
		{9D37FC46-D1B0-44A6-B2BC-85E617F524A6}.Debug|x86.ActiveCfg = Debug|Win32
		{9D37FC46-D1B0-44A6-B2BC-85E617F524A6}.Debug|x86.Build.0 = Debug|Win32
		{9D37FC46-D1B0-44A6-B2BC-85E617F524A6}.Release|x64.ActiveCfg = Release|x64
		{9D37FC46-D1B0-44A6-B2BC-85E617F524A6}.Release|x64.Build.0 = Release|x64
		{9D37FC46-D1B0-44A6-B2BC-85E617F524A6}.Release|x86.ActiveCfg = Release|Win32
		{9D37FC46-D1B0-44A6-B2BC-85E617F524A6}.Release|x86.Build.0 = Release|Win32
		{CA1794CF-4DF5-4AFC-BB5C-F80E4417EFE8}.Debug|x64.ActiveCfg = Debug|x64
		{CA1794CF-4DF5-4AFC-BB5C-F80E4417EFE8}.Debug|x64.Build.0 = Debug|x64
		{CA1794CF-4DF5-4AFC-BB5C-F80E4417EFE8}.Debug|x86.ActiveCfg = Debug|Win32
		{CA1794CF-4DF5-4AFC-BB5C-F80E4417EFE8}.Debug|x86.Build.0 = Debug|Win32
		{CA1794CF-4DF5-4AFC-BB5C-F80E4417EFE8}.Release|x64.ActiveCfg = Release|x64
		{CA1794CF-4DF5-4AFC-BB5C-F80E4417EFE8}.Release|x64.Build.0 = Release|x64
		{CA1794CF-4DF5-4AFC-BB5C-F80E4417EFE8}.Release|x86.ActiveCfg = Release|Win32
		{CA1794CF-4DF5-4AFC-BB5C-F80E4417EFE8}.Release|x86.Build.0 = Release|Win32
		{6066CEC9-99B5-40D3-9A5A-B536219BB651}.Debug|x64.ActiveCfg = Debug|x64
		{6066CEC9-99B5-40D3-9A5A-B536219BB651}.Debug|x64.Build.0 = Debug|x64
		{6066CEC9-99B5-40D3-9A5A-B536219BB651}.Debug|x86.ActiveCfg = Debug|Win32
		{6066CEC9-99B5-40D3-9A5A-B536219BB651}.Debug|x86.Build.0 = Debug|Win32
		{6066CEC9-99B5-40D3-9A5A-B536219BB651}.Release|x64.ActiveCfg = Release|x64
		{6066CEC9-99B5-40D3-9A5A-B536219BB651}.Release|x64.Build.0 = Release|x64
		{6066CEC9-99B5-40D3-9A5A-B536219BB651}.Release|x86.ActiveCfg = Release|Win32
		{6066CEC9-99B5-40D3-9A5A-B536219BB651}.Release|x86.Build.0 = Release|Win32
		{2A4F311A-0982-4652-AC3F-744A9727F75E}.Debug|x64.ActiveCfg = Debug|x64
		{2A4F311A-0982-4652-AC3F-744A9727F75E}.Debug|x64.Build.0 = Debug|x64
		{2A4F311A-0982-4652-AC3F-744A9727F75E}.Debug|x86.ActiveCfg = Debug|Win32
		{2A4F311A-0982-4652-AC3F-744A9727F75E}.Debug|x86.Build.0 = Debug|Win32
		{2A4F311A-0982-4652-AC3F-744A9727F75E}.Release|x64.ActiveCfg = Release|x64
		{2A4F311A-0982-4652-AC3F-744A9727F75E}.Release|x64.Build.0 = Release|x64
		{2A4F311A-0982-4652-AC3F-744A9727F75E}.Release|x86.ActiveCfg = Release|Win32
		{2A4F311A-0982-4652-AC3F-744A9727F75E}.Release|x86.Build.0 = Release|Win32
		{2F153606-EFE3-4607-B571-87E2254EAD1C}.Debug|x64.ActiveCfg = Debug|x64
		{2F153606-EFE3-4607-B571-87E2254EAD1C}.Debug|x64.Build.0 = Debug|x64
		{2F153606-EFE3-4607-B571-87E2254EAD1C}.Debug|x86.ActiveCfg = Debug|Win32
		{2F153606-EFE3-4607-B571-87E2254EAD1C}.Debug|x86.Build.0 = Debug|Win32
		{2F153606-EFE3-4607-B571-87E2254EAD1C}.Release|x64.ActiveCfg = Release|x64
		{2F153606-EFE3-4607-B571-87E2254EAD1C}.Release|x64.Build.0 = Release|x64
		{2F153606-EFE3-4607-B571-87E2254EAD1C}.Release|x86.ActiveCfg = Release|Win32
		{2F153606-EFE3-4607-B571-87E2254EAD1C}.Release|x86.Build.0 = Release|Win32
		{539568BF-B565-4D1A-8F33-F29E77B1AE0D}.Debug|x64.ActiveCfg = Debug|x64
		{539568BF-B565-4D1A-8F33-F29E77B1AE0D}.Debug|x64.Build.0 = Debug|x64
		{539568BF-B565-4D1A-8F33-F29E77B1AE0D}.Debug|x86.ActiveCfg = Debug|Win32
		{539568BF-B565-4D1A-8F33-F29E77B1AE0D}.Debug|x86.Build.0 = Debug|Win32
		{539568BF-B565-4D1A-8F33-F29E77B1AE0D}.Release|x64.ActiveCfg = Release|x64
		{539568BF-B565-4D1A-8F33-F29E77B1AE0D}.Release|x64.Build.0 = Release|x64
		{539568BF-B565-4D1A-8F33-F29E77B1AE0D}.Release|x86.ActiveCfg = Release|Win32
		{539568BF-B565-4D1A-8F33-F29E77B1AE0D}.Release|x86.Build.0 = Release|Win32
	EndGlobalSection
	GlobalSection(SolutionProperties) = preSolution
		HideSolutionNode = FALSE
	EndGlobalSection
	GlobalSection(ExtensibilityGlobals) = postSolution
		SolutionGuid = {F395C71D-2703-4F8A-AF06-378C6FBC433C}
	EndGlobalSection
EndGlobal
