
Microsoft Visual Studio Solution File, Format Version 12.00
# Visual Studio Version 17
VisualStudioVersion = 17.10.34916.146
MinimumVisualStudioVersion = 10.0.40219.1
Project("{8BC9CEB8-8B4A-11D0-8D11-00A0C91BC942}") = "ITMO_CPPPractice", "ITMO_CPPPractice\ITMO_CPPPractice.vcxproj", "{02E11686-E465-4F95-8D30-92041DF6E22B}"
EndProject
Project("{8BC9CEB8-8B4A-11D0-8D11-00A0C91BC942}") = "ITMO_CPPPractice_2lab", "ITMO_CPPPractice_2lab\ITMO_CPPPractice_2lab.vcxproj", "{ABA330BD-1BFB-49F4-A01F-601C67A3B1A7}"
EndProject
Project("{8BC9CEB8-8B4A-11D0-8D11-00A0C91BC942}") = "ITMO_CPPPracitce_2lab_2", "ITMO_CPPPracitce_2lab_2\ITMO_CPPPracitce_2lab_2.vcxproj", "{2DD053C2-30B2-4E07-939D-28F46109E422}"
EndProject
Project("{8BC9CEB8-8B4A-11D0-8D11-00A0C91BC942}") = "ITMO_CPPPracice_2lab_3", "ITMO_CPPPracice_2lab_3\ITMO_CPPPracice_2lab_3.vcxproj", "{73FC92E0-06B5-4ED3-A29F-79BD96247826}"
EndProject
Project("{8BC9CEB8-8B4A-11D0-8D11-00A0C91BC942}") = "ITMO_SPPPractice_2lab_4", "ITMO_SPPPractice_2lab_4\ITMO_SPPPractice_2lab_4.vcxproj", "{9D37FC46-D1B0-44A6-B2BC-85E617F524A6}"
EndProject
Project("{8BC9CEB8-8B4A-11D0-8D11-00A0C91BC942}") = "ITMO_CPPPractice_lab5_task1", "ITMO_CPPPractice_lab5_task1\ITMO_CPPPractice_lab5_task1.vcxproj", "{7353D13A-AD07-4932-BE90-FBFD33E4F188}"
EndProject
Project("{8BC9CEB8-8B4A-11D0-8D11-00A0C91BC942}") = "ITMO_CPPPracice_lab5_task1_part2", "ITMO_CPPPracice_lab5_task1_part2\ITMO_CPPPracice_lab5_task1_part2.vcxproj", "{B6B7D522-B9FA-4AEE-A86E-B61F3632873D}"
EndProject
Project("{8BC9CEB8-8B4A-11D0-8D11-00A0C91BC942}") = "ITMO_SPPPractice_lab5_task2", "ITMO_SPPPractice_lab5_task2\ITMO_SPPPractice_lab5_task2.vcxproj", "{1EFCF2DD-3FB3-4DDA-810B-C7AD3815B839}"
EndProject
Project("{8BC9CEB8-8B4A-11D0-8D11-00A0C91BC942}") = "ITMO_CPPPractice_lab5_task3", "ITMO_CPPPractice_lab5_task3\ITMO_CPPPractice_lab5_task3.vcxproj", "{3486E92B-1ADC-44AF-9FD1-AC6AA29B6528}"
EndProject
Project("{8BC9CEB8-8B4A-11D0-8D11-00A0C91BC942}") = "ITMO_CPPPractice_lab5_task4", "ITMO_CPPPractice_lab5_task4\ITMO_CPPPractice_lab5_task4.vcxproj", "{8ECD15CA-6A1C-40AC-B99C-FC29736C5DC3}"
EndProject
Project("{8BC9CEB8-8B4A-11D0-8D11-00A0C91BC942}") = "ITMO_CPPPractice_lab6_task1", "ITMO_CPPPractice_lab6_task1\ITMO_CPPPractice_lab6_task1.vcxproj", "{F3DA43CF-1ABC-4795-B6D8-CAFE66C12CA9}"
EndProject
Project("{8BC9CEB8-8B4A-11D0-8D11-00A0C91BC942}") = "ITMO_CPPPractice_lab6_task2", "ITMO_CPPPractice_lab6_task2\ITMO_CPPPractice_lab6_task2.vcxproj", "{AABF1E1E-635C-4151-A940-F2CFFC8CCFAB}"
EndProject
Global
	GlobalSection(SolutionConfigurationPlatforms) = preSolution
		Debug|x64 = Debug|x64
		Debug|x86 = Debug|x86
		Release|x64 = Release|x64
		Release|x86 = Release|x86
	EndGlobalSection
	GlobalSection(ProjectConfigurationPlatforms) = postSolution
		{02E11686-E465-4F95-8D30-92041DF6E22B}.Debug|x64.ActiveCfg = Debug|x64
		{02E11686-E465-4F95-8D30-92041DF6E22B}.Debug|x64.Build.0 = Debug|x64
		{02E11686-E465-4F95-8D30-92041DF6E22B}.Debug|x86.ActiveCfg = Debug|Win32
		{02E11686-E465-4F95-8D30-92041DF6E22B}.Debug|x86.Build.0 = Debug|Win32
		{02E11686-E465-4F95-8D30-92041DF6E22B}.Release|x64.ActiveCfg = Release|x64
		{02E11686-E465-4F95-8D30-92041DF6E22B}.Release|x64.Build.0 = Release|x64
		{02E11686-E465-4F95-8D30-92041DF6E22B}.Release|x86.ActiveCfg = Release|Win32
		{02E11686-E465-4F95-8D30-92041DF6E22B}.Release|x86.Build.0 = Release|Win32
		{ABA330BD-1BFB-49F4-A01F-601C67A3B1A7}.Debug|x64.ActiveCfg = Debug|x64
		{ABA330BD-1BFB-49F4-A01F-601C67A3B1A7}.Debug|x64.Build.0 = Debug|x64
		{ABA330BD-1BFB-49F4-A01F-601C67A3B1A7}.Debug|x86.ActiveCfg = Debug|Win32
		{ABA330BD-1BFB-49F4-A01F-601C67A3B1A7}.Debug|x86.Build.0 = Debug|Win32
		{ABA330BD-1BFB-49F4-A01F-601C67A3B1A7}.Release|x64.ActiveCfg = Release|x64
		{ABA330BD-1BFB-49F4-A01F-601C67A3B1A7}.Release|x64.Build.0 = Release|x64
		{ABA330BD-1BFB-49F4-A01F-601C67A3B1A7}.Release|x86.ActiveCfg = Release|Win32
		{ABA330BD-1BFB-49F4-A01F-601C67A3B1A7}.Release|x86.Build.0 = Release|Win32
		{2DD053C2-30B2-4E07-939D-28F46109E422}.Debug|x64.ActiveCfg = Debug|x64
		{2DD053C2-30B2-4E07-939D-28F46109E422}.Debug|x64.Build.0 = Debug|x64
		{2DD053C2-30B2-4E07-939D-28F46109E422}.Debug|x86.ActiveCfg = Debug|Win32
		{2DD053C2-30B2-4E07-939D-28F46109E422}.Debug|x86.Build.0 = Debug|Win32
		{2DD053C2-30B2-4E07-939D-28F46109E422}.Release|x64.ActiveCfg = Release|x64
		{2DD053C2-30B2-4E07-939D-28F46109E422}.Release|x64.Build.0 = Release|x64
		{2DD053C2-30B2-4E07-939D-28F46109E422}.Release|x86.ActiveCfg = Release|Win32
		{2DD053C2-30B2-4E07-939D-28F46109E422}.Release|x86.Build.0 = Release|Win32
		{73FC92E0-06B5-4ED3-A29F-79BD96247826}.Debug|x64.ActiveCfg = Debug|x64
		{73FC92E0-06B5-4ED3-A29F-79BD96247826}.Debug|x64.Build.0 = Debug|x64
		{73FC92E0-06B5-4ED3-A29F-79BD96247826}.Debug|x86.ActiveCfg = Debug|Win32
		{73FC92E0-06B5-4ED3-A29F-79BD96247826}.Debug|x86.Build.0 = Debug|Win32
		{73FC92E0-06B5-4ED3-A29F-79BD96247826}.Release|x64.ActiveCfg = Release|x64
		{73FC92E0-06B5-4ED3-A29F-79BD96247826}.Release|x64.Build.0 = Release|x64
		{73FC92E0-06B5-4ED3-A29F-79BD96247826}.Release|x86.ActiveCfg = Release|Win32
		{73FC92E0-06B5-4ED3-A29F-79BD96247826}.Release|x86.Build.0 = Release|Win32
		{9D37FC46-D1B0-44A6-B2BC-85E617F524A6}.Debug|x64.ActiveCfg = Debug|x64
		{9D37FC46-D1B0-44A6-B2BC-85E617F524A6}.Debug|x64.Build.0 = Debug|x64
		{9D37FC46-D1B0-44A6-B2BC-85E617F524A6}.Debug|x86.ActiveCfg = Debug|Win32
		{9D37FC46-D1B0-44A6-B2BC-85E617F524A6}.Debug|x86.Build.0 = Debug|Win32
		{9D37FC46-D1B0-44A6-B2BC-85E617F524A6}.Release|x64.ActiveCfg = Release|x64
		{9D37FC46-D1B0-44A6-B2BC-85E617F524A6}.Release|x64.Build.0 = Release|x64
		{9D37FC46-D1B0-44A6-B2BC-85E617F524A6}.Release|x86.ActiveCfg = Release|Win32
		{9D37FC46-D1B0-44A6-B2BC-85E617F524A6}.Release|x86.Build.0 = Release|Win32
		{7353D13A-AD07-4932-BE90-FBFD33E4F188}.Debug|x64.ActiveCfg = Debug|x64
		{7353D13A-AD07-4932-BE90-FBFD33E4F188}.Debug|x64.Build.0 = Debug|x64
		{7353D13A-AD07-4932-BE90-FBFD33E4F188}.Debug|x86.ActiveCfg = Debug|Win32
		{7353D13A-AD07-4932-BE90-FBFD33E4F188}.Debug|x86.Build.0 = Debug|Win32
		{7353D13A-AD07-4932-BE90-FBFD33E4F188}.Release|x64.ActiveCfg = Release|x64
		{7353D13A-AD07-4932-BE90-FBFD33E4F188}.Release|x64.Build.0 = Release|x64
		{7353D13A-AD07-4932-BE90-FBFD33E4F188}.Release|x86.ActiveCfg = Release|Win32
		{7353D13A-AD07-4932-BE90-FBFD33E4F188}.Release|x86.Build.0 = Release|Win32
		{B6B7D522-B9FA-4AEE-A86E-B61F3632873D}.Debug|x64.ActiveCfg = Debug|x64
		{B6B7D522-B9FA-4AEE-A86E-B61F3632873D}.Debug|x64.Build.0 = Debug|x64
		{B6B7D522-B9FA-4AEE-A86E-B61F3632873D}.Debug|x86.ActiveCfg = Debug|Win32
		{B6B7D522-B9FA-4AEE-A86E-B61F3632873D}.Debug|x86.Build.0 = Debug|Win32
		{B6B7D522-B9FA-4AEE-A86E-B61F3632873D}.Release|x64.ActiveCfg = Release|x64
		{B6B7D522-B9FA-4AEE-A86E-B61F3632873D}.Release|x64.Build.0 = Release|x64
		{B6B7D522-B9FA-4AEE-A86E-B61F3632873D}.Release|x86.ActiveCfg = Release|Win32
		{B6B7D522-B9FA-4AEE-A86E-B61F3632873D}.Release|x86.Build.0 = Release|Win32
		{1EFCF2DD-3FB3-4DDA-810B-C7AD3815B839}.Debug|x64.ActiveCfg = Debug|x64
		{1EFCF2DD-3FB3-4DDA-810B-C7AD3815B839}.Debug|x64.Build.0 = Debug|x64
		{1EFCF2DD-3FB3-4DDA-810B-C7AD3815B839}.Debug|x86.ActiveCfg = Debug|Win32
		{1EFCF2DD-3FB3-4DDA-810B-C7AD3815B839}.Debug|x86.Build.0 = Debug|Win32
		{1EFCF2DD-3FB3-4DDA-810B-C7AD3815B839}.Release|x64.ActiveCfg = Release|x64
		{1EFCF2DD-3FB3-4DDA-810B-C7AD3815B839}.Release|x64.Build.0 = Release|x64
		{1EFCF2DD-3FB3-4DDA-810B-C7AD3815B839}.Release|x86.ActiveCfg = Release|Win32
		{1EFCF2DD-3FB3-4DDA-810B-C7AD3815B839}.Release|x86.Build.0 = Release|Win32
		{3486E92B-1ADC-44AF-9FD1-AC6AA29B6528}.Debug|x64.ActiveCfg = Debug|x64
		{3486E92B-1ADC-44AF-9FD1-AC6AA29B6528}.Debug|x64.Build.0 = Debug|x64
		{3486E92B-1ADC-44AF-9FD1-AC6AA29B6528}.Debug|x86.ActiveCfg = Debug|Win32
		{3486E92B-1ADC-44AF-9FD1-AC6AA29B6528}.Debug|x86.Build.0 = Debug|Win32
		{3486E92B-1ADC-44AF-9FD1-AC6AA29B6528}.Release|x64.ActiveCfg = Release|x64
		{3486E92B-1ADC-44AF-9FD1-AC6AA29B6528}.Release|x64.Build.0 = Release|x64
		{3486E92B-1ADC-44AF-9FD1-AC6AA29B6528}.Release|x86.ActiveCfg = Release|Win32
		{3486E92B-1ADC-44AF-9FD1-AC6AA29B6528}.Release|x86.Build.0 = Release|Win32
		{8ECD15CA-6A1C-40AC-B99C-FC29736C5DC3}.Debug|x64.ActiveCfg = Debug|x64
		{8ECD15CA-6A1C-40AC-B99C-FC29736C5DC3}.Debug|x64.Build.0 = Debug|x64
		{8ECD15CA-6A1C-40AC-B99C-FC29736C5DC3}.Debug|x86.ActiveCfg = Debug|Win32
		{8ECD15CA-6A1C-40AC-B99C-FC29736C5DC3}.Debug|x86.Build.0 = Debug|Win32
		{8ECD15CA-6A1C-40AC-B99C-FC29736C5DC3}.Release|x64.ActiveCfg = Release|x64
		{8ECD15CA-6A1C-40AC-B99C-FC29736C5DC3}.Release|x64.Build.0 = Release|x64
		{8ECD15CA-6A1C-40AC-B99C-FC29736C5DC3}.Release|x86.ActiveCfg = Release|Win32
		{8ECD15CA-6A1C-40AC-B99C-FC29736C5DC3}.Release|x86.Build.0 = Release|Win32
		{F3DA43CF-1ABC-4795-B6D8-CAFE66C12CA9}.Debug|x64.ActiveCfg = Debug|x64
		{F3DA43CF-1ABC-4795-B6D8-CAFE66C12CA9}.Debug|x64.Build.0 = Debug|x64
		{F3DA43CF-1ABC-4795-B6D8-CAFE66C12CA9}.Debug|x86.ActiveCfg = Debug|Win32
		{F3DA43CF-1ABC-4795-B6D8-CAFE66C12CA9}.Debug|x86.Build.0 = Debug|Win32
		{F3DA43CF-1ABC-4795-B6D8-CAFE66C12CA9}.Release|x64.ActiveCfg = Release|x64
		{F3DA43CF-1ABC-4795-B6D8-CAFE66C12CA9}.Release|x64.Build.0 = Release|x64
		{F3DA43CF-1ABC-4795-B6D8-CAFE66C12CA9}.Release|x86.ActiveCfg = Release|Win32
		{F3DA43CF-1ABC-4795-B6D8-CAFE66C12CA9}.Release|x86.Build.0 = Release|Win32
		{AABF1E1E-635C-4151-A940-F2CFFC8CCFAB}.Debug|x64.ActiveCfg = Debug|x64
		{AABF1E1E-635C-4151-A940-F2CFFC8CCFAB}.Debug|x64.Build.0 = Debug|x64
		{AABF1E1E-635C-4151-A940-F2CFFC8CCFAB}.Debug|x86.ActiveCfg = Debug|Win32
		{AABF1E1E-635C-4151-A940-F2CFFC8CCFAB}.Debug|x86.Build.0 = Debug|Win32
		{AABF1E1E-635C-4151-A940-F2CFFC8CCFAB}.Release|x64.ActiveCfg = Release|x64
		{AABF1E1E-635C-4151-A940-F2CFFC8CCFAB}.Release|x64.Build.0 = Release|x64
		{AABF1E1E-635C-4151-A940-F2CFFC8CCFAB}.Release|x86.ActiveCfg = Release|Win32
		{AABF1E1E-635C-4151-A940-F2CFFC8CCFAB}.Release|x86.Build.0 = Release|Win32
	EndGlobalSection
	GlobalSection(SolutionProperties) = preSolution
		HideSolutionNode = FALSE
	EndGlobalSection
	GlobalSection(ExtensibilityGlobals) = postSolution
		SolutionGuid = {F395C71D-2703-4F8A-AF06-378C6FBC433C}
	EndGlobalSection
EndGlobal
